Microsoft Visual Studio Solution File, Format Version 12.00
Project("{FAE04EC0-301F-11D3-BF4B-00C04F79EFBC}") = "EmailReseiver", "EmailReseiver.csproj", "{FC37E248-93E6-4227-8892-625963353197}"
EndProject
Global
	GlobalSection(SolutionConfigurationPlatforms) = preSolution
		Debug|Any CPU = Debug|Any CPU
		Release|Any CPU = Release|Any CPU
	EndGlobalSection
	GlobalSection(ProjectConfigurationPlatforms) = postSolution
		{FC37E248-93E6-4227-8892-625963353197}.Debug|Any CPU.ActiveCfg = Debug|Any CPU
		{FC37E248-93E6-4227-8892-625963353197}.Debug|Any CPU.Build.0 = Debug|Any CPU
		{FC37E248-93E6-4227-8892-625963353197}.Release|Any CPU.ActiveCfg = Release|Any CPU
		{FC37E248-93E6-4227-8892-625963353197}.Release|Any CPU.Build.0 = Release|Any CPU
	EndGlobalSection
EndGlobal
